
Microsoft Visual Studio Solution File, Format Version 12.00
# Visual Studio Version 17
VisualStudioVersion = 17.13.35931.197 d17.13
MinimumVisualStudioVersion = 10.0.40219.1
Project("{FAE04EC0-301F-11D3-BF4B-00C04F79EFBC}") = "ModbusNexus.UI", "ModbusNexus\ModbusNexus.UI.csproj", "{0C0437CD-48B7-44B4-BB8A-96B2FBA364F0}"
EndProject
Project("{FAE04EC0-301F-11D3-BF4B-00C04F79EFBC}") = "ModbusNexus.Core", "ModbusNexus.Core\ModbusNexus.Core.csproj", "{7BF4E11E-AA41-4683-ABD1-968899F478C2}"
EndProject
Project("{FAE04EC0-301F-11D3-BF4B-00C04F79EFBC}") = "ModbusNexus.Infrastructure", "ModbusNexus.Infrastructure\ModbusNexus.Infrastructure.csproj", "{835EE690-C048-4726-B70B-38E715879C3F}"
EndProject
Project("{FAE04EC0-301F-11D3-BF4B-00C04F79EFBC}") = "ModbusNexus.Services", "ModbusNexus.Services\ModbusNexus.Services.csproj", "{5D063380-3A3E-433A-A7AF-81852FD67913}"
EndProject
Project("{FAE04EC0-301F-11D3-BF4B-00C04F79EFBC}") = "ModbusNexus.Tests", "ModbusNexus.Tests\ModbusNexus.Tests.csproj", "{F5BC1947-AF71-4FF4-A103-C228B5C7BCEE}"
EndProject
Global
	GlobalSection(SolutionConfigurationPlatforms) = preSolution
		Debug|Any CPU = Debug|Any CPU
		Release|Any CPU = Release|Any CPU
	EndGlobalSection
	GlobalSection(ProjectConfigurationPlatforms) = postSolution
		{0C0437CD-48B7-44B4-BB8A-96B2FBA364F0}.Debug|Any CPU.ActiveCfg = Debug|Any CPU
		{0C0437CD-48B7-44B4-BB8A-96B2FBA364F0}.Debug|Any CPU.Build.0 = Debug|Any CPU
		{0C0437CD-48B7-44B4-BB8A-96B2FBA364F0}.Release|Any CPU.ActiveCfg = Release|Any CPU
		{0C0437CD-48B7-44B4-BB8A-96B2FBA364F0}.Release|Any CPU.Build.0 = Release|Any CPU
		{7BF4E11E-AA41-4683-ABD1-968899F478C2}.Debug|Any CPU.ActiveCfg = Debug|Any CPU
		{7BF4E11E-AA41-4683-ABD1-968899F478C2}.Debug|Any CPU.Build.0 = Debug|Any CPU
		{7BF4E11E-AA41-4683-ABD1-968899F478C2}.Release|Any CPU.ActiveCfg = Release|Any CPU
		{7BF4E11E-AA41-4683-ABD1-968899F478C2}.Release|Any CPU.Build.0 = Release|Any CPU
		{835EE690-C048-4726-B70B-38E715879C3F}.Debug|Any CPU.ActiveCfg = Debug|Any CPU
		{835EE690-C048-4726-B70B-38E715879C3F}.Debug|Any CPU.Build.0 = Debug|Any CPU
		{835EE690-C048-4726-B70B-38E715879C3F}.Release|Any CPU.ActiveCfg = Release|Any CPU
		{835EE690-C048-4726-B70B-38E715879C3F}.Release|Any CPU.Build.0 = Release|Any CPU
		{5D063380-3A3E-433A-A7AF-81852FD67913}.Debug|Any CPU.ActiveCfg = Debug|Any CPU
		{5D063380-3A3E-433A-A7AF-81852FD67913}.Debug|Any CPU.Build.0 = Debug|Any CPU
		{5D063380-3A3E-433A-A7AF-81852FD67913}.Release|Any CPU.ActiveCfg = Release|Any CPU
		{5D063380-3A3E-433A-A7AF-81852FD67913}.Release|Any CPU.Build.0 = Release|Any CPU
		{F5BC1947-AF71-4FF4-A103-C228B5C7BCEE}.Debug|Any CPU.ActiveCfg = Debug|Any CPU
		{F5BC1947-AF71-4FF4-A103-C228B5C7BCEE}.Debug|Any CPU.Build.0 = Debug|Any CPU
		{F5BC1947-AF71-4FF4-A103-C228B5C7BCEE}.Release|Any CPU.ActiveCfg = Release|Any CPU
		{F5BC1947-AF71-4FF4-A103-C228B5C7BCEE}.Release|Any CPU.Build.0 = Release|Any CPU
	EndGlobalSection
	GlobalSection(SolutionProperties) = preSolution
		HideSolutionNode = FALSE
	EndGlobalSection
	GlobalSection(ExtensibilityGlobals) = postSolution
		SolutionGuid = {BD31BCF6-CE47-48F4-8F30-DF89EA20373D}
	EndGlobalSection
EndGlobal
